# This file was autogenerated by Stack.
# You should not edit this file by hand.
# For more information, please see the documentation at:
#   https://docs.haskellstack.org/en/stable/lock_files

packages:
- completed:
    commit: c06a3bb68c1bc83d2227158de0276713b83f13bb
    git: https://github.com/ucsd-progsys/liquidhaskell
    name: liquidhaskell
    pantry-tree:
      sha256: 930ae536aa7640c15f3d6a31db1052ae0a0ba9899e8eb9e3d9eed230a84ec372
      size: 320702
    subdir: .
    version: 0.8.10.7.1
  original:
    commit: c06a3bb68c1bc83d2227158de0276713b83f13bb
    git: https://github.com/ucsd-progsys/liquidhaskell
    subdir: .
- completed:
    commit: c06a3bb68c1bc83d2227158de0276713b83f13bb
    git: https://github.com/ucsd-progsys/liquidhaskell
    name: liquid-base
    pantry-tree:
      sha256: c54bf9327dc5d69f3c5db747908173b817d4a3beaa08ff3016f64fc2d2f053f7
      size: 15114
    subdir: liquid-base
    version: 4.14.3.0
  original:
    commit: c06a3bb68c1bc83d2227158de0276713b83f13bb
    git: https://github.com/ucsd-progsys/liquidhaskell
    subdir: liquid-base
- completed:
    commit: c06a3bb68c1bc83d2227158de0276713b83f13bb
    git: https://github.com/ucsd-progsys/liquidhaskell
    name: liquid-prelude
    pantry-tree:
      sha256: 5fb206c776b87a0de48c5f429ac82b689a5942d215582a06ac752e1f118229f7
      size: 1029
    subdir: liquid-prelude
    version: 0.8.10.2
  original:
    commit: c06a3bb68c1bc83d2227158de0276713b83f13bb
    git: https://github.com/ucsd-progsys/liquidhaskell
    subdir: liquid-prelude
- completed:
    commit: c06a3bb68c1bc83d2227158de0276713b83f13bb
    git: https://github.com/ucsd-progsys/liquidhaskell
    name: liquid-ghc-prim
    pantry-tree:
      sha256: 3d8d31526fe8c6a7d119a5422a41ad939842bf9063f8f5ec08130365721f204f
      size: 912
    subdir: liquid-ghc-prim
    version: 0.6.1
  original:
    commit: c06a3bb68c1bc83d2227158de0276713b83f13bb
    git: https://github.com/ucsd-progsys/liquidhaskell
    subdir: liquid-ghc-prim
- completed:
    commit: c06a3bb68c1bc83d2227158de0276713b83f13bb
    git: https://github.com/ucsd-progsys/liquidhaskell
    name: liquid-containers
    pantry-tree:
      sha256: 69ab7d9ccde93b16e14c0f27ac8f2d8bac81e7047c3ccad98e7926c8cadd21b5
      size: 2143
    subdir: liquid-containers
    version: 0.6.2.1
  original:
    commit: c06a3bb68c1bc83d2227158de0276713b83f13bb
    git: https://github.com/ucsd-progsys/liquidhaskell
    subdir: liquid-containers
- completed:
    commit: 98d21934ceda146b4280c73552cc387d0c497f56
    git: https://github.com/ucsd-progsys/liquid-fixpoint
    name: liquid-fixpoint
    pantry-tree:
      sha256: 5b1e52d72c36c441b0291c03cd71b853e2df87242b7004a64b1cd44ab81485f1
      size: 22680
    version: 0.8.10.7.1
  original:
    commit: 98d21934ceda146b4280c73552cc387d0c497f56
    git: https://github.com/ucsd-progsys/liquid-fixpoint
- completed:
    hackage: rest-rewrite-0.4.0@sha256:be93d899f7dece33f2a7613eb3dabd24d139f9cb2fc09f9efedfdce4ba6eb276,3923
    pantry-tree:
      sha256: ad19ccb2185ac0b58ddfd2eede69e6444986e687232e1504eb04ce7bb6e39368
      size: 4018
  original:
    hackage: rest-rewrite-0.4.0@sha256:be93d899f7dece33f2a7613eb3dabd24d139f9cb2fc09f9efedfdce4ba6eb276,3923
snapshots:
- completed:
    sha256: 79a786674930a89301b0e908fad2822a48882f3d01486117693c377b8edffdbe
    size: 590102
    url: https://raw.githubusercontent.com/commercialhaskell/stackage-snapshots/master/lts/18/27.yaml
  original: lts-18.27
