# This file was autogenerated by Stack.
# You should not edit this file by hand.
# For more information, please see the documentation at:
#   https://docs.haskellstack.org/en/stable/lock_files

packages:
- completed:
    commit: b3a5ac99a534a539e9758fd008f14d66b241682c
    git: https://github.com/ucsd-progsys/liquidhaskell
    name: liquidhaskell
    pantry-tree:
      sha256: 7b9617a1ac377ac95818c14553bb4dcb0cb394d14d3fdbf9e563e8508fde9e97
      size: 292940
    subdir: .
    version: 0.9.4.7.0
  original:
    commit: b3a5ac99a534a539e9758fd008f14d66b241682c
    git: https://github.com/ucsd-progsys/liquidhaskell
    subdir: .
- completed:
    commit: b3a5ac99a534a539e9758fd008f14d66b241682c
    git: https://github.com/ucsd-progsys/liquidhaskell
    name: liquidhaskell-boot
    pantry-tree:
      sha256: 67cfaa753b40e78503d76453919b515b7b2d6e2504600a69f1cf0fb76d3de0c7
      size: 8533
    subdir: liquidhaskell-boot
    version: 0.9.4.7.0
  original:
    commit: b3a5ac99a534a539e9758fd008f14d66b241682c
    git: https://github.com/ucsd-progsys/liquidhaskell
    subdir: liquidhaskell-boot
- completed:
    commit: b3a5ac99a534a539e9758fd008f14d66b241682c
    git: https://github.com/ucsd-progsys/liquidhaskell
    name: liquid-prelude
    pantry-tree:
      sha256: 57c18638690a40cd26b0e4a5acfc4c086dac6b84cd542b8afce2aac5a551a08e
      size: 882
    subdir: liquid-prelude
    version: 0.9.2.8
  original:
    commit: b3a5ac99a534a539e9758fd008f14d66b241682c
    git: https://github.com/ucsd-progsys/liquidhaskell
    subdir: liquid-prelude
- completed:
    commit: b3a5ac99a534a539e9758fd008f14d66b241682c
    git: https://github.com/ucsd-progsys/liquidhaskell
    name: liquid-vector
    pantry-tree:
      sha256: 5a12e4c4818b9138bf2bbbdb7ebea7f4f581839d635ad95a5ff8a3e4b0d13124
      size: 231
    subdir: liquid-vector
    version: 0.13.1.0
  original:
    commit: b3a5ac99a534a539e9758fd008f14d66b241682c
    git: https://github.com/ucsd-progsys/liquidhaskell
    subdir: liquid-vector
- completed:
    commit: b6c3e11ce19629cced047eb2df748ec336148451
    git: https://github.com/ucsd-progsys/liquid-fixpoint
    name: liquid-fixpoint
    pantry-tree:
      sha256: 1972eacd98864c90b6bbfe8741dd071d9e88ee561d583b18ac1e4bd1dc4ff211
      size: 23600
    version: 0.9.4.7
  original:
    commit: b6c3e11ce19629cced047eb2df748ec336148451
    git: https://github.com/ucsd-progsys/liquid-fixpoint
- completed:
    hackage: hashable-1.4.4.0@sha256:ae22238274c572aa91e90c6c353e7206386708912ac5e6dc40ac61d1dcc553db,5216
    pantry-tree:
      sha256: cd91ec6f09475d2d0b2cf49565a488c21694be0d46bf29565f9258f5f41a3a84
      size: 1249
  original:
    hackage: hashable-1.4.4.0
- completed:
    hackage: rest-rewrite-0.4.1@sha256:1254960c0a595cf4c9d5a3b986f42644407c63c74578d75b3568a6a12e5143f0,3886
    pantry-tree:
      sha256: 17b4e99420cc1929e2b7d29558a0f909d6fcabd263fbc590dbf2585f893f5a6e
      size: 4018
  original:
    hackage: rest-rewrite-0.4.1
- completed:
    hackage: smtlib-backends-0.3@sha256:a947aead99f6a314833bddca9b502d5faea8d3bd2fc76ffb53c34d5c5b7557bc,1211
    pantry-tree:
      sha256: 97b88a647ac996808a93b2eab62e9e8574d9b9a451ee37a9103e209b63be012d
      size: 275
  original:
    hackage: smtlib-backends-0.3
- completed:
    hackage: smtlib-backends-process-0.3@sha256:caf131d3d6f6825e3a3182713130a8e14d0bd6530eeda643e8a511b546ff1a26,1676
    pantry-tree:
      sha256: 7147fef29b4270275168a285fc0c68784329d1276ab9e44e9a45f8d79b526220
      size: 461
  original:
    hackage: smtlib-backends-process-0.3
- completed:
    hackage: os-string-2.0.2.1@sha256:0bf4ff8f387d7fd05a43c18fa677dd02259c99d63c2d02c5823f152736513bef,3261
    pantry-tree:
      sha256: caa0b78b83a9d429324784e239c9bf33017f9f4a3c34ec8392b3d8a1e8968bd6
      size: 2217
  original:
    hackage: os-string-2.0.2.1@sha256:0bf4ff8f387d7fd05a43c18fa677dd02259c99d63c2d02c5823f152736513bef,3261
snapshots:
- completed:
    sha256: 8017c7970c2a8a9510c60cc70ac245d59e0c34eb932b91d37af09fe59855d854
    size: 640038
    url: https://raw.githubusercontent.com/commercialhaskell/stackage-snapshots/master/lts/21/13.yaml
  original: lts-21.13
