# This file was autogenerated by Stack.
# You should not edit this file by hand.
# For more information, please see the documentation at:
#   https://docs.haskellstack.org/en/stable/lock_files

packages:
- completed:
    commit: 815085bd4d50309f6089306fb4b5484b3fde6847
    git: https://github.com/ucsd-progsys/liquidhaskell
    name: liquidhaskell
    pantry-tree:
      sha256: e7144b716e3db144846c3a189b082f49f0ccd881b7227be62913bc48d0d1fc98
      size: 321445
    subdir: .
    version: 0.9.0.2.1
  original:
    commit: 815085bd4d50309f6089306fb4b5484b3fde6847
    git: https://github.com/ucsd-progsys/liquidhaskell
    subdir: .
- completed:
    commit: 815085bd4d50309f6089306fb4b5484b3fde6847
    git: https://github.com/ucsd-progsys/liquidhaskell
    name: liquid-base
    pantry-tree:
      sha256: bc16a74d46b76935cfeafdf0d6bf423382c0fda5aa905ad98c60c45ab74e31f9
      size: 15114
    subdir: liquid-base
    version: 4.14.3.0
  original:
    commit: 815085bd4d50309f6089306fb4b5484b3fde6847
    git: https://github.com/ucsd-progsys/liquidhaskell
    subdir: liquid-base
- completed:
    commit: 815085bd4d50309f6089306fb4b5484b3fde6847
    git: https://github.com/ucsd-progsys/liquidhaskell
    name: liquid-prelude
    pantry-tree:
      sha256: 5fb206c776b87a0de48c5f429ac82b689a5942d215582a06ac752e1f118229f7
      size: 1029
    subdir: liquid-prelude
    version: 0.8.10.2
  original:
    commit: 815085bd4d50309f6089306fb4b5484b3fde6847
    git: https://github.com/ucsd-progsys/liquidhaskell
    subdir: liquid-prelude
- completed:
    commit: 815085bd4d50309f6089306fb4b5484b3fde6847
    git: https://github.com/ucsd-progsys/liquidhaskell
    name: liquid-ghc-prim
    pantry-tree:
      sha256: e1dbd416d00871251794b17a96e25453469856a73cb943a3dc3d851a7a8f00a5
      size: 912
    subdir: liquid-ghc-prim
    version: 0.6.1
  original:
    commit: 815085bd4d50309f6089306fb4b5484b3fde6847
    git: https://github.com/ucsd-progsys/liquidhaskell
    subdir: liquid-ghc-prim
- completed:
    commit: 815085bd4d50309f6089306fb4b5484b3fde6847
    git: https://github.com/ucsd-progsys/liquidhaskell
    name: liquid-containers
    pantry-tree:
      sha256: 69ab7d9ccde93b16e14c0f27ac8f2d8bac81e7047c3ccad98e7926c8cadd21b5
      size: 2143
    subdir: liquid-containers
    version: 0.6.2.1
  original:
    commit: 815085bd4d50309f6089306fb4b5484b3fde6847
    git: https://github.com/ucsd-progsys/liquidhaskell
    subdir: liquid-containers
- completed:
    commit: a45f8fe9f6ac2533228f9149926bf884a3525945
    git: https://github.com/ucsd-progsys/liquid-fixpoint
    name: liquid-fixpoint
    pantry-tree:
      sha256: e71b5e8e0abff75e8f20d75dd321d4512cfb5671cfabf2a6575d0d1dd082dbb3
      size: 22580
    version: 0.9.0.2.1
  original:
    commit: a45f8fe9f6ac2533228f9149926bf884a3525945
    git: https://github.com/ucsd-progsys/liquid-fixpoint
- completed:
    hackage: rest-rewrite-0.4.0@sha256:be93d899f7dece33f2a7613eb3dabd24d139f9cb2fc09f9efedfdce4ba6eb276,3923
    pantry-tree:
      sha256: ad19ccb2185ac0b58ddfd2eede69e6444986e687232e1504eb04ce7bb6e39368
      size: 4018
  original:
    hackage: rest-rewrite-0.4.0@sha256:be93d899f7dece33f2a7613eb3dabd24d139f9cb2fc09f9efedfdce4ba6eb276,3923
snapshots:
- completed:
    sha256: 6d1532d40621957a25bad5195bfca7938e8a06d923c91bc52aa0f3c41181f2d4
    size: 619204
    url: https://raw.githubusercontent.com/commercialhaskell/stackage-snapshots/master/lts/19/33.yaml
  original: lts-19.33
